schema: '2.0'
stages:
  data_ingestion:
    cmd: python src/data_ingestion.py
    deps:
    - path: src/data_ingestion.py
      hash: md5
      md5: 19c323bd69ff3eda786377b8440f4a76
      size: 3696
    params:
      params.yaml:
        data_ingestion.test_size: 0.21
    outs:
    - path: data/raw
      hash: md5
      md5: 4f8ed12448f912122e61579897c4099f.dir
      size: 484846
      nfiles: 2
  data_preprocessing:
    cmd: python src/data_preprocessing.py
    deps:
    - path: data/raw
      hash: md5
      md5: 4f8ed12448f912122e61579897c4099f.dir
      size: 484846
      nfiles: 2
    - path: src/data_preprocessing.py
      hash: md5
      md5: bec405d274fc41e59fce64799c166396
      size: 4076
    outs:
    - path: data/interim
      hash: md5
      md5: b4f97c417a52c607b4a413bdef8e0da1.dir
      size: 260499
      nfiles: 2
  feature_engineering:
    cmd: python src/feature_engineering.py
    deps:
    - path: data/interim
      hash: md5
      md5: b4f97c417a52c607b4a413bdef8e0da1.dir
      size: 260499
      nfiles: 2
    - path: src/feature_engineering.py
      hash: md5
      md5: dfb77580673a26c1c6ab639bcd0757e5
      size: 3972
    params:
      params.yaml:
        feature_engineering.max_features: 36
    outs:
    - path: data/processed
      hash: md5
      md5: 2398e430371e282009afdeb5bef285b4.dir
      size: 858613
      nfiles: 2
  model_building:
    cmd: python src/model_building.py
    deps:
    - path: data/processed
      hash: md5
      md5: 2398e430371e282009afdeb5bef285b4.dir
      size: 858613
      nfiles: 2
    - path: src/model_building.py
      hash: md5
      md5: 3b9a403786d59f3ccc696e816233dc63
      size: 4533
    params:
      params.yaml:
        model_building.n_estimators: 23
        model_building.random_state: 3
    outs:
    - path: models/model.pkl
      hash: md5
      md5: afc39d2deeb1604297e5bfa3e1a0b12b
      size: 734773
  model_evaluation:
    cmd: python src/model_evaluation.py
    deps:
    - path: models/model.pkl
      hash: md5
      md5: afc39d2deeb1604297e5bfa3e1a0b12b
      size: 734773
    - path: src/model_evaluation.py
      hash: md5
      md5: a3e4fe9944d0e72c28bdab7dd0cf21ec
      size: 4661
    outs:
    - path: reports/metrics.json
      hash: md5
      md5: cfd369511bd98b129306b9d18322f066
      size: 134
