schema: '2.0'
stages:
  data_ingestion:
    cmd: python src/data_ingestion.py
    deps:
    - path: src/data_ingestion.py
      hash: md5
      md5: 19c323bd69ff3eda786377b8440f4a76
      size: 3696
    params:
      params.yaml:
        data_ingestion.test_size: 0.22
    outs:
    - path: data/raw
      hash: md5
      md5: e2869016de0a48917018751402d40b80.dir
      size: 484846
      nfiles: 2
  data_preprocessing:
    cmd: python src/data_preprocessing.py
    deps:
    - path: data/raw
      hash: md5
      md5: e2869016de0a48917018751402d40b80.dir
      size: 484846
      nfiles: 2
    - path: src/data_preprocessing.py
      hash: md5
      md5: bec405d274fc41e59fce64799c166396
      size: 4076
    outs:
    - path: data/interim
      hash: md5
      md5: 81d80390b3d56aed6d23c25eb73c7363.dir
      size: 260811
      nfiles: 2
  feature_engineering:
    cmd: python src/feature_engineering.py
    deps:
    - path: data/interim
      hash: md5
      md5: 81d80390b3d56aed6d23c25eb73c7363.dir
      size: 260811
      nfiles: 2
    - path: src/feature_engineering.py
      hash: md5
      md5: dfb77580673a26c1c6ab639bcd0757e5
      size: 3972
    params:
      params.yaml:
        feature_engineering.max_features: 37
    outs:
    - path: data/processed
      hash: md5
      md5: f2d27f362061585591512c6dd0819cec.dir
      size: 882504
      nfiles: 2
  model_building:
    cmd: python src/model_building.py
    deps:
    - path: data/processed
      hash: md5
      md5: f2d27f362061585591512c6dd0819cec.dir
      size: 882504
      nfiles: 2
    - path: src/model_building.py
      hash: md5
      md5: 3b9a403786d59f3ccc696e816233dc63
      size: 4533
    params:
      params.yaml:
        model_building.n_estimators: 24
        model_building.random_state: 3
    outs:
    - path: models/model.pkl
      hash: md5
      md5: a2245eb89aaf3d878687a5f3328495b5
      size: 765400
  model_evaluation:
    cmd: python src/model_evaluation.py
    deps:
    - path: models/model.pkl
      hash: md5
      md5: a2245eb89aaf3d878687a5f3328495b5
      size: 765400
    - path: src/model_evaluation.py
      hash: md5
      md5: a3e4fe9944d0e72c28bdab7dd0cf21ec
      size: 4661
    outs:
    - path: reports/metrics.json
      hash: md5
      md5: d51f272bb5abc76e41b09a216dad91eb
      size: 144
